
Microsoft Visual Studio Solution File, Format Version 12.00
# Visual Studio Version 17
VisualStudioVersion = 17.0.31903.59
MinimumVisualStudioVersion = 10.0.40219.1
Project("{FAE04EC0-301F-11D3-BF4B-00C04F79EFBC}") = "SmoothOperator", "SmoothOperator\SmoothOperator.csproj", "{D11AEB5B-79B2-4B29-A1C7-C7E6BD24BE2B}"
EndProject
Project("{FAE04EC0-301F-11D3-BF4B-00C04F79EFBC}") = "VariousOperators", "VariousOperators\VariousOperators.csproj", "{C11D2E96-301F-4111-9A97-A2194D0883AD}"
EndProject
Project("{FAE04EC0-301F-11D3-BF4B-00C04F79EFBC}") = "Cilindro", "Cilindro\Cilindro.csproj", "{79060B2D-7D32-407A-B7EC-A8D331E6054E}"
EndProject
Project("{FAE04EC0-301F-11D3-BF4B-00C04F79EFBC}") = "ValoresEspeciais", "ValoresEspeciais\ValoresEspeciais.csproj", "{E225309E-C1B2-4414-A38D-580331F0AB70}"
EndProject
Project("{FAE04EC0-301F-11D3-BF4B-00C04F79EFBC}") = "IfExample", "IfExample\IfExample.csproj", "{06ED77D1-4B92-4008-87D8-B20B4C2B8A80}"
EndProject
Project("{FAE04EC0-301F-11D3-BF4B-00C04F79EFBC}") = "ChatGPTZero", "ChatGPTZero\ChatGPTZero.csproj", "{5DBF24CB-B00A-4613-A972-8C7628D344DB}"
EndProject
Project("{FAE04EC0-301F-11D3-BF4B-00C04F79EFBC}") = "BreakContinue", "BreakContinue\BreakContinue.csproj", "{793C22E0-B1AC-48BC-845A-9705ED2FDEF8}"
EndProject
Project("{FAE04EC0-301F-11D3-BF4B-00C04F79EFBC}") = "ChatGPTOne", "ChatGPTOne\ChatGPTOne.csproj", "{FFDA5805-17F3-4C3F-B1C7-E08634F5D849}"
EndProject
Global
	GlobalSection(SolutionConfigurationPlatforms) = preSolution
		Debug|Any CPU = Debug|Any CPU
		Release|Any CPU = Release|Any CPU
	EndGlobalSection
	GlobalSection(SolutionProperties) = preSolution
		HideSolutionNode = FALSE
	EndGlobalSection
	GlobalSection(ProjectConfigurationPlatforms) = postSolution
		{D11AEB5B-79B2-4B29-A1C7-C7E6BD24BE2B}.Debug|Any CPU.ActiveCfg = Debug|Any CPU
		{D11AEB5B-79B2-4B29-A1C7-C7E6BD24BE2B}.Debug|Any CPU.Build.0 = Debug|Any CPU
		{D11AEB5B-79B2-4B29-A1C7-C7E6BD24BE2B}.Release|Any CPU.ActiveCfg = Release|Any CPU
		{D11AEB5B-79B2-4B29-A1C7-C7E6BD24BE2B}.Release|Any CPU.Build.0 = Release|Any CPU
		{C11D2E96-301F-4111-9A97-A2194D0883AD}.Debug|Any CPU.ActiveCfg = Debug|Any CPU
		{C11D2E96-301F-4111-9A97-A2194D0883AD}.Debug|Any CPU.Build.0 = Debug|Any CPU
		{C11D2E96-301F-4111-9A97-A2194D0883AD}.Release|Any CPU.ActiveCfg = Release|Any CPU
		{C11D2E96-301F-4111-9A97-A2194D0883AD}.Release|Any CPU.Build.0 = Release|Any CPU
		{79060B2D-7D32-407A-B7EC-A8D331E6054E}.Debug|Any CPU.ActiveCfg = Debug|Any CPU
		{79060B2D-7D32-407A-B7EC-A8D331E6054E}.Debug|Any CPU.Build.0 = Debug|Any CPU
		{79060B2D-7D32-407A-B7EC-A8D331E6054E}.Release|Any CPU.ActiveCfg = Release|Any CPU
		{79060B2D-7D32-407A-B7EC-A8D331E6054E}.Release|Any CPU.Build.0 = Release|Any CPU
		{E225309E-C1B2-4414-A38D-580331F0AB70}.Debug|Any CPU.ActiveCfg = Debug|Any CPU
		{E225309E-C1B2-4414-A38D-580331F0AB70}.Debug|Any CPU.Build.0 = Debug|Any CPU
		{E225309E-C1B2-4414-A38D-580331F0AB70}.Release|Any CPU.ActiveCfg = Release|Any CPU
		{E225309E-C1B2-4414-A38D-580331F0AB70}.Release|Any CPU.Build.0 = Release|Any CPU
		{06ED77D1-4B92-4008-87D8-B20B4C2B8A80}.Debug|Any CPU.ActiveCfg = Debug|Any CPU
		{06ED77D1-4B92-4008-87D8-B20B4C2B8A80}.Debug|Any CPU.Build.0 = Debug|Any CPU
		{06ED77D1-4B92-4008-87D8-B20B4C2B8A80}.Release|Any CPU.ActiveCfg = Release|Any CPU
		{06ED77D1-4B92-4008-87D8-B20B4C2B8A80}.Release|Any CPU.Build.0 = Release|Any CPU
		{5DBF24CB-B00A-4613-A972-8C7628D344DB}.Debug|Any CPU.ActiveCfg = Debug|Any CPU
		{5DBF24CB-B00A-4613-A972-8C7628D344DB}.Debug|Any CPU.Build.0 = Debug|Any CPU
		{5DBF24CB-B00A-4613-A972-8C7628D344DB}.Release|Any CPU.ActiveCfg = Release|Any CPU
		{5DBF24CB-B00A-4613-A972-8C7628D344DB}.Release|Any CPU.Build.0 = Release|Any CPU
		{793C22E0-B1AC-48BC-845A-9705ED2FDEF8}.Debug|Any CPU.ActiveCfg = Debug|Any CPU
		{793C22E0-B1AC-48BC-845A-9705ED2FDEF8}.Debug|Any CPU.Build.0 = Debug|Any CPU
		{793C22E0-B1AC-48BC-845A-9705ED2FDEF8}.Release|Any CPU.ActiveCfg = Release|Any CPU
		{793C22E0-B1AC-48BC-845A-9705ED2FDEF8}.Release|Any CPU.Build.0 = Release|Any CPU
		{FFDA5805-17F3-4C3F-B1C7-E08634F5D849}.Debug|Any CPU.ActiveCfg = Debug|Any CPU
		{FFDA5805-17F3-4C3F-B1C7-E08634F5D849}.Debug|Any CPU.Build.0 = Debug|Any CPU
		{FFDA5805-17F3-4C3F-B1C7-E08634F5D849}.Release|Any CPU.ActiveCfg = Release|Any CPU
		{FFDA5805-17F3-4C3F-B1C7-E08634F5D849}.Release|Any CPU.Build.0 = Release|Any CPU
	EndGlobalSection
EndGlobal
